// !$*UTF8*$!
{
	archiveVersion = 1;
	classes = {
	};
	objectVersion = 51;
	objects = {

/* Begin PBXBuildFile section */
		480506069FC21677AE2CB80F /* Pods_GameMatch.framework in Frameworks */ = {isa = PBXBuildFile; fileRef = 3D1B527AB8B6AF812AFE57F2 /* Pods_GameMatch.framework */; };
		A30D49A12705776700D34702 /* SessionManager.swift in Sources */ = {isa = PBXBuildFile; fileRef = A30D49A02705776700D34702 /* SessionManager.swift */; };
		A3385B1826FFD3E9004799E8 /* DataService.swift in Sources */ = {isa = PBXBuildFile; fileRef = A3385B1726FFD3E9004799E8 /* DataService.swift */; };
		A3385B1A26FFD458004799E8 /* NetworkService.swift in Sources */ = {isa = PBXBuildFile; fileRef = A3385B1926FFD458004799E8 /* NetworkService.swift */; };
		A3385B1F26FFD7FC004799E8 /* LoginState.swift in Sources */ = {isa = PBXBuildFile; fileRef = A3385B1E26FFD7FC004799E8 /* LoginState.swift */; };
		A3385B2126FFDA16004799E8 /* APIRequests.swift in Sources */ = {isa = PBXBuildFile; fileRef = A3385B2026FFDA16004799E8 /* APIRequests.swift */; };
		A3385B2526FFDDC5004799E8 /* SignUpState.swift in Sources */ = {isa = PBXBuildFile; fileRef = A3385B2426FFDDC5004799E8 /* SignUpState.swift */; };
		A3385B27270008C0004799E8 /* BaseAPIService.swift in Sources */ = {isa = PBXBuildFile; fileRef = A3385B26270008C0004799E8 /* BaseAPIService.swift */; };
		A3385B2A27000D32004799E8 /* SignInViewController.swift in Sources */ = {isa = PBXBuildFile; fileRef = A3385B2927000D32004799E8 /* SignInViewController.swift */; };
		A3385B2C27000EE0004799E8 /* RegisterViewController.swift in Sources */ = {isa = PBXBuildFile; fileRef = A3385B2B27000EE0004799E8 /* RegisterViewController.swift */; };
		A3385B2E2700166A004799E8 /* SignInViewModel.swift in Sources */ = {isa = PBXBuildFile; fileRef = A3385B2D2700166A004799E8 /* SignInViewModel.swift */; };
		A3385B3027001F27004799E8 /* AuthenticationAPIService.swift in Sources */ = {isa = PBXBuildFile; fileRef = A3385B2F27001F27004799E8 /* AuthenticationAPIService.swift */; };
		A3385B32270022E6004799E8 /* BaseViewController.swift in Sources */ = {isa = PBXBuildFile; fileRef = A3385B31270022E6004799E8 /* BaseViewController.swift */; };
		A3893F5226C4D84B0004C766 /* AppDelegate.swift in Sources */ = {isa = PBXBuildFile; fileRef = A3893F5126C4D84B0004C766 /* AppDelegate.swift */; };
		A3893F5426C4D84B0004C766 /* SceneDelegate.swift in Sources */ = {isa = PBXBuildFile; fileRef = A3893F5326C4D84B0004C766 /* SceneDelegate.swift */; };
		A3893F5626C4D84B0004C766 /* ExploreViewController.swift in Sources */ = {isa = PBXBuildFile; fileRef = A3893F5526C4D84B0004C766 /* ExploreViewController.swift */; };
		A3893F5926C4D84B0004C766 /* Main.storyboard in Resources */ = {isa = PBXBuildFile; fileRef = A3893F5726C4D84B0004C766 /* Main.storyboard */; };
		A3893F5E26C4D84C0004C766 /* LaunchScreen.storyboard in Resources */ = {isa = PBXBuildFile; fileRef = A3893F5C26C4D84C0004C766 /* LaunchScreen.storyboard */; };
		A3893F6926C4D84C0004C766 /* GameMatchTests.swift in Sources */ = {isa = PBXBuildFile; fileRef = A3893F6826C4D84C0004C766 /* GameMatchTests.swift */; };
		A3893F7426C4D84C0004C766 /* GameMatchUITests.swift in Sources */ = {isa = PBXBuildFile; fileRef = A3893F7326C4D84C0004C766 /* GameMatchUITests.swift */; };
		A3893F8226C4DEBA0004C766 /* ActivitiesViewController.swift in Sources */ = {isa = PBXBuildFile; fileRef = A3893F8126C4DEBA0004C766 /* ActivitiesViewController.swift */; };
		A3893F8426C4DED80004C766 /* ProfileViewController.swift in Sources */ = {isa = PBXBuildFile; fileRef = A3893F8326C4DED80004C766 /* ProfileViewController.swift */; };
		A3893F8726C604DB0004C766 /* ActivityTableViewCell.swift in Sources */ = {isa = PBXBuildFile; fileRef = A3893F8626C604DB0004C766 /* ActivityTableViewCell.swift */; };
		A3893F8926C633D50004C766 /* ActivityDetailsViewController.swift in Sources */ = {isa = PBXBuildFile; fileRef = A3893F8826C633D50004C766 /* ActivityDetailsViewController.swift */; };
		A3893F8B26C63C310004C766 /* CreateActivityViewController.swift in Sources */ = {isa = PBXBuildFile; fileRef = A3893F8A26C63C310004C766 /* CreateActivityViewController.swift */; };
		A3893F8E26C64EA60004C766 /* ActivityInfoTableViewCell.swift in Sources */ = {isa = PBXBuildFile; fileRef = A3893F8D26C64EA60004C766 /* ActivityInfoTableViewCell.swift */; };
		A3893F9026C7A5340004C766 /* MessageTableViewCell.swift in Sources */ = {isa = PBXBuildFile; fileRef = A3893F8F26C7A5340004C766 /* MessageTableViewCell.swift */; };
		A3893F9226CC8DE10004C766 /* MainTabBarController.swift in Sources */ = {isa = PBXBuildFile; fileRef = A3893F9126CC8DE10004C766 /* MainTabBarController.swift */; };
		A3893F9426CCAD0B0004C766 /* ContactsViewController.swift in Sources */ = {isa = PBXBuildFile; fileRef = A3893F9326CCAD0B0004C766 /* ContactsViewController.swift */; };
		A3893F9726CCCBC10004C766 /* UIImageView+.swift in Sources */ = {isa = PBXBuildFile; fileRef = A3893F9626CCCBC10004C766 /* UIImageView+.swift */; };
		A39C061E26DC6BB900CE8DCA /* MKMapView+.swift in Sources */ = {isa = PBXBuildFile; fileRef = A39C061D26DC6BB900CE8DCA /* MKMapView+.swift */; };
		A39C062026DC986200CE8DCA /* GMPointAnnotation.swift in Sources */ = {isa = PBXBuildFile; fileRef = A39C061F26DC986200CE8DCA /* GMPointAnnotation.swift */; };
		A39C062226DCB25B00CE8DCA /* MembersViewController.swift in Sources */ = {isa = PBXBuildFile; fileRef = A39C062126DCB25B00CE8DCA /* MembersViewController.swift */; };
		A39C062526DD837000CE8DCA /* MemberTableViewCell.swift in Sources */ = {isa = PBXBuildFile; fileRef = A39C062426DD837000CE8DCA /* MemberTableViewCell.swift */; };
		A39C062826DD978E00CE8DCA /* EventsViewController.swift in Sources */ = {isa = PBXBuildFile; fileRef = A39C062726DD978E00CE8DCA /* EventsViewController.swift */; };
		A3B6B493270925E100309925 /* ActivityAPIService.swift in Sources */ = {isa = PBXBuildFile; fileRef = A3B6B492270925E100309925 /* ActivityAPIService.swift */; };
		A3B6B4952709301C00309925 /* ExploreViewModel.swift in Sources */ = {isa = PBXBuildFile; fileRef = A3B6B4942709301C00309925 /* ExploreViewModel.swift */; };
		A3B6B4972709318800309925 /* Activity.swift in Sources */ = {isa = PBXBuildFile; fileRef = A3B6B4962709318800309925 /* Activity.swift */; };
		A3B6B49B270960BD00309925 /* Date+.swift in Sources */ = {isa = PBXBuildFile; fileRef = A3B6B49A270960BD00309925 /* Date+.swift */; };
		A3C6F61E26D34AD600C01549 /* GMTabBar.swift in Sources */ = {isa = PBXBuildFile; fileRef = A3C6F61D26D34AD600C01549 /* GMTabBar.swift */; };
		A3C6F62026D3803D00C01549 /* LoginViewController.swift in Sources */ = {isa = PBXBuildFile; fileRef = A3C6F61F26D3803D00C01549 /* LoginViewController.swift */; };
		A3CD34E826D76A990049C6AE /* UIImage+.swift in Sources */ = {isa = PBXBuildFile; fileRef = A3CD34E726D76A990049C6AE /* UIImage+.swift */; };
		A3CD34EA26D88C950049C6AE /* SendMessageViewController.swift in Sources */ = {isa = PBXBuildFile; fileRef = A3CD34E926D88C950049C6AE /* SendMessageViewController.swift */; };
		A3CD34EC26DAB1C20049C6AE /* GroupDetailsViewController.swift in Sources */ = {isa = PBXBuildFile; fileRef = A3CD34EB26DAB1C20049C6AE /* GroupDetailsViewController.swift */; };
		A3CD34EF26DB1E7B0049C6AE /* GroupInfoTableViewCell.swift in Sources */ = {isa = PBXBuildFile; fileRef = A3CD34EE26DB1E7B0049C6AE /* GroupInfoTableViewCell.swift */; };
		A3CD34F126DB46C50049C6AE /* EventTableViewCell.swift in Sources */ = {isa = PBXBuildFile; fileRef = A3CD34F026DB46C50049C6AE /* EventTableViewCell.swift */; };
		A3CD34F326DC5E500049C6AE /* NewEventViewController.swift in Sources */ = {isa = PBXBuildFile; fileRef = A3CD34F226DC5E500049C6AE /* NewEventViewController.swift */; };
		A3D3B3C32700CB5400E1D8A0 /* GMError.swift in Sources */ = {isa = PBXBuildFile; fileRef = A3D3B3C22700CB5400E1D8A0 /* GMError.swift */; };
		A3E28A1926E3CF8100923B29 /* Assets.xcassets in Resources */ = {isa = PBXBuildFile; fileRef = A3E28A1826E3CF8000923B29 /* Assets.xcassets */; };
/* End PBXBuildFile section */

/* Begin PBXContainerItemProxy section */
		A3893F6526C4D84C0004C766 /* PBXContainerItemProxy */ = {
			isa = PBXContainerItemProxy;
			containerPortal = A3893F4626C4D84B0004C766 /* Project object */;
			proxyType = 1;
			remoteGlobalIDString = A3893F4D26C4D84B0004C766;
			remoteInfo = "Game Match";
		};
		A3893F7026C4D84C0004C766 /* PBXContainerItemProxy */ = {
			isa = PBXContainerItemProxy;
			containerPortal = A3893F4626C4D84B0004C766 /* Project object */;
			proxyType = 1;
			remoteGlobalIDString = A3893F4D26C4D84B0004C766;
			remoteInfo = "Game Match";
		};
/* End PBXContainerItemProxy section */

/* Begin PBXFileReference section */
		3D1B527AB8B6AF812AFE57F2 /* Pods_GameMatch.framework */ = {isa = PBXFileReference; explicitFileType = wrapper.framework; includeInIndex = 0; path = Pods_GameMatch.framework; sourceTree = BUILT_PRODUCTS_DIR; };
		9B74BD069D913280A93D4EF8 /* Pods-GameMatch.release.xcconfig */ = {isa = PBXFileReference; includeInIndex = 1; lastKnownFileType = text.xcconfig; name = "Pods-GameMatch.release.xcconfig"; path = "Target Support Files/Pods-GameMatch/Pods-GameMatch.release.xcconfig"; sourceTree = "<group>"; };
		A30D49A02705776700D34702 /* SessionManager.swift */ = {isa = PBXFileReference; lastKnownFileType = sourcecode.swift; path = SessionManager.swift; sourceTree = "<group>"; };
		A30D49A427078EDB00D34702 /* GameMatch.entitlements */ = {isa = PBXFileReference; lastKnownFileType = text.plist.entitlements; path = GameMatch.entitlements; sourceTree = "<group>"; };
		A30D49A527078F0A00D34702 /* GameMatchRelease.entitlements */ = {isa = PBXFileReference; lastKnownFileType = text.plist.entitlements; path = GameMatchRelease.entitlements; sourceTree = "<group>"; };
		A3385B1726FFD3E9004799E8 /* DataService.swift */ = {isa = PBXFileReference; lastKnownFileType = sourcecode.swift; path = DataService.swift; sourceTree = "<group>"; };
		A3385B1926FFD458004799E8 /* NetworkService.swift */ = {isa = PBXFileReference; lastKnownFileType = sourcecode.swift; path = NetworkService.swift; sourceTree = "<group>"; };
		A3385B1E26FFD7FC004799E8 /* LoginState.swift */ = {isa = PBXFileReference; lastKnownFileType = sourcecode.swift; path = LoginState.swift; sourceTree = "<group>"; };
		A3385B2026FFDA16004799E8 /* APIRequests.swift */ = {isa = PBXFileReference; lastKnownFileType = sourcecode.swift; path = APIRequests.swift; sourceTree = "<group>"; };
		A3385B2426FFDDC5004799E8 /* SignUpState.swift */ = {isa = PBXFileReference; lastKnownFileType = sourcecode.swift; path = SignUpState.swift; sourceTree = "<group>"; };
		A3385B26270008C0004799E8 /* BaseAPIService.swift */ = {isa = PBXFileReference; lastKnownFileType = sourcecode.swift; path = BaseAPIService.swift; sourceTree = "<group>"; };
		A3385B2927000D32004799E8 /* SignInViewController.swift */ = {isa = PBXFileReference; lastKnownFileType = sourcecode.swift; path = SignInViewController.swift; sourceTree = "<group>"; };
		A3385B2B27000EE0004799E8 /* RegisterViewController.swift */ = {isa = PBXFileReference; lastKnownFileType = sourcecode.swift; path = RegisterViewController.swift; sourceTree = "<group>"; };
		A3385B2D2700166A004799E8 /* SignInViewModel.swift */ = {isa = PBXFileReference; lastKnownFileType = sourcecode.swift; path = SignInViewModel.swift; sourceTree = "<group>"; };
		A3385B2F27001F27004799E8 /* AuthenticationAPIService.swift */ = {isa = PBXFileReference; lastKnownFileType = sourcecode.swift; path = AuthenticationAPIService.swift; sourceTree = "<group>"; };
		A3385B31270022E6004799E8 /* BaseViewController.swift */ = {isa = PBXFileReference; lastKnownFileType = sourcecode.swift; path = BaseViewController.swift; sourceTree = "<group>"; };
		A3893F4E26C4D84B0004C766 /* GameMatch.app */ = {isa = PBXFileReference; explicitFileType = wrapper.application; includeInIndex = 0; path = GameMatch.app; sourceTree = BUILT_PRODUCTS_DIR; };
		A3893F5126C4D84B0004C766 /* AppDelegate.swift */ = {isa = PBXFileReference; lastKnownFileType = sourcecode.swift; path = AppDelegate.swift; sourceTree = "<group>"; };
		A3893F5326C4D84B0004C766 /* SceneDelegate.swift */ = {isa = PBXFileReference; lastKnownFileType = sourcecode.swift; path = SceneDelegate.swift; sourceTree = "<group>"; };
		A3893F5526C4D84B0004C766 /* ExploreViewController.swift */ = {isa = PBXFileReference; lastKnownFileType = sourcecode.swift; path = ExploreViewController.swift; sourceTree = "<group>"; };
		A3893F5826C4D84B0004C766 /* Base */ = {isa = PBXFileReference; lastKnownFileType = file.storyboard; name = Base; path = Base.lproj/Main.storyboard; sourceTree = "<group>"; };
		A3893F5D26C4D84C0004C766 /* Base */ = {isa = PBXFileReference; lastKnownFileType = file.storyboard; name = Base; path = Base.lproj/LaunchScreen.storyboard; sourceTree = "<group>"; };
		A3893F5F26C4D84C0004C766 /* Info.plist */ = {isa = PBXFileReference; lastKnownFileType = text.plist.xml; path = Info.plist; sourceTree = "<group>"; };
		A3893F6426C4D84C0004C766 /* GameMatchTests.xctest */ = {isa = PBXFileReference; explicitFileType = wrapper.cfbundle; includeInIndex = 0; path = GameMatchTests.xctest; sourceTree = BUILT_PRODUCTS_DIR; };
		A3893F6826C4D84C0004C766 /* GameMatchTests.swift */ = {isa = PBXFileReference; lastKnownFileType = sourcecode.swift; path = GameMatchTests.swift; sourceTree = "<group>"; };
		A3893F6A26C4D84C0004C766 /* Info.plist */ = {isa = PBXFileReference; lastKnownFileType = text.plist.xml; path = Info.plist; sourceTree = "<group>"; };
		A3893F6F26C4D84C0004C766 /* GameMatchUITests.xctest */ = {isa = PBXFileReference; explicitFileType = wrapper.cfbundle; includeInIndex = 0; path = GameMatchUITests.xctest; sourceTree = BUILT_PRODUCTS_DIR; };
		A3893F7326C4D84C0004C766 /* GameMatchUITests.swift */ = {isa = PBXFileReference; lastKnownFileType = sourcecode.swift; path = GameMatchUITests.swift; sourceTree = "<group>"; };
		A3893F7526C4D84C0004C766 /* Info.plist */ = {isa = PBXFileReference; lastKnownFileType = text.plist.xml; path = Info.plist; sourceTree = "<group>"; };
		A3893F8126C4DEBA0004C766 /* ActivitiesViewController.swift */ = {isa = PBXFileReference; lastKnownFileType = sourcecode.swift; path = ActivitiesViewController.swift; sourceTree = "<group>"; };
		A3893F8326C4DED80004C766 /* ProfileViewController.swift */ = {isa = PBXFileReference; lastKnownFileType = sourcecode.swift; path = ProfileViewController.swift; sourceTree = "<group>"; };
		A3893F8626C604DB0004C766 /* ActivityTableViewCell.swift */ = {isa = PBXFileReference; lastKnownFileType = sourcecode.swift; path = ActivityTableViewCell.swift; sourceTree = "<group>"; };
		A3893F8826C633D50004C766 /* ActivityDetailsViewController.swift */ = {isa = PBXFileReference; lastKnownFileType = sourcecode.swift; path = ActivityDetailsViewController.swift; sourceTree = "<group>"; };
		A3893F8A26C63C310004C766 /* CreateActivityViewController.swift */ = {isa = PBXFileReference; lastKnownFileType = sourcecode.swift; path = CreateActivityViewController.swift; sourceTree = "<group>"; };
		A3893F8D26C64EA60004C766 /* ActivityInfoTableViewCell.swift */ = {isa = PBXFileReference; lastKnownFileType = sourcecode.swift; path = ActivityInfoTableViewCell.swift; sourceTree = "<group>"; };
		A3893F8F26C7A5340004C766 /* MessageTableViewCell.swift */ = {isa = PBXFileReference; lastKnownFileType = sourcecode.swift; path = MessageTableViewCell.swift; sourceTree = "<group>"; };
		A3893F9126CC8DE10004C766 /* MainTabBarController.swift */ = {isa = PBXFileReference; lastKnownFileType = sourcecode.swift; path = MainTabBarController.swift; sourceTree = "<group>"; };
		A3893F9326CCAD0B0004C766 /* ContactsViewController.swift */ = {isa = PBXFileReference; lastKnownFileType = sourcecode.swift; path = ContactsViewController.swift; sourceTree = "<group>"; };
		A3893F9626CCCBC10004C766 /* UIImageView+.swift */ = {isa = PBXFileReference; lastKnownFileType = sourcecode.swift; path = "UIImageView+.swift"; sourceTree = "<group>"; };
		A39C061D26DC6BB900CE8DCA /* MKMapView+.swift */ = {isa = PBXFileReference; lastKnownFileType = sourcecode.swift; path = "MKMapView+.swift"; sourceTree = "<group>"; };
		A39C061F26DC986200CE8DCA /* GMPointAnnotation.swift */ = {isa = PBXFileReference; lastKnownFileType = sourcecode.swift; path = GMPointAnnotation.swift; sourceTree = "<group>"; };
		A39C062126DCB25B00CE8DCA /* MembersViewController.swift */ = {isa = PBXFileReference; lastKnownFileType = sourcecode.swift; path = MembersViewController.swift; sourceTree = "<group>"; };
		A39C062426DD837000CE8DCA /* MemberTableViewCell.swift */ = {isa = PBXFileReference; lastKnownFileType = sourcecode.swift; path = MemberTableViewCell.swift; sourceTree = "<group>"; };
		A39C062726DD978E00CE8DCA /* EventsViewController.swift */ = {isa = PBXFileReference; lastKnownFileType = sourcecode.swift; path = EventsViewController.swift; sourceTree = "<group>"; };
		A3B6B492270925E100309925 /* ActivityAPIService.swift */ = {isa = PBXFileReference; lastKnownFileType = sourcecode.swift; path = ActivityAPIService.swift; sourceTree = "<group>"; };
		A3B6B4942709301C00309925 /* ExploreViewModel.swift */ = {isa = PBXFileReference; lastKnownFileType = sourcecode.swift; path = ExploreViewModel.swift; sourceTree = "<group>"; };
		A3B6B4962709318800309925 /* Activity.swift */ = {isa = PBXFileReference; lastKnownFileType = sourcecode.swift; path = Activity.swift; sourceTree = "<group>"; };
		A3B6B49A270960BD00309925 /* Date+.swift */ = {isa = PBXFileReference; lastKnownFileType = sourcecode.swift; path = "Date+.swift"; sourceTree = "<group>"; };
		A3C6F61D26D34AD600C01549 /* GMTabBar.swift */ = {isa = PBXFileReference; lastKnownFileType = sourcecode.swift; path = GMTabBar.swift; sourceTree = "<group>"; };
		A3C6F61F26D3803D00C01549 /* LoginViewController.swift */ = {isa = PBXFileReference; lastKnownFileType = sourcecode.swift; path = LoginViewController.swift; sourceTree = "<group>"; };
		A3CD34E726D76A990049C6AE /* UIImage+.swift */ = {isa = PBXFileReference; lastKnownFileType = sourcecode.swift; path = "UIImage+.swift"; sourceTree = "<group>"; };
		A3CD34E926D88C950049C6AE /* SendMessageViewController.swift */ = {isa = PBXFileReference; lastKnownFileType = sourcecode.swift; path = SendMessageViewController.swift; sourceTree = "<group>"; };
		A3CD34EB26DAB1C20049C6AE /* GroupDetailsViewController.swift */ = {isa = PBXFileReference; lastKnownFileType = sourcecode.swift; path = GroupDetailsViewController.swift; sourceTree = "<group>"; };
		A3CD34EE26DB1E7B0049C6AE /* GroupInfoTableViewCell.swift */ = {isa = PBXFileReference; lastKnownFileType = sourcecode.swift; path = GroupInfoTableViewCell.swift; sourceTree = "<group>"; };
		A3CD34F026DB46C50049C6AE /* EventTableViewCell.swift */ = {isa = PBXFileReference; lastKnownFileType = sourcecode.swift; path = EventTableViewCell.swift; sourceTree = "<group>"; };
		A3CD34F226DC5E500049C6AE /* NewEventViewController.swift */ = {isa = PBXFileReference; lastKnownFileType = sourcecode.swift; path = NewEventViewController.swift; sourceTree = "<group>"; };
		A3D3B3C22700CB5400E1D8A0 /* GMError.swift */ = {isa = PBXFileReference; lastKnownFileType = sourcecode.swift; path = GMError.swift; sourceTree = "<group>"; };
		A3E28A1826E3CF8000923B29 /* Assets.xcassets */ = {isa = PBXFileReference; lastKnownFileType = folder.assetcatalog; path = Assets.xcassets; sourceTree = "<group>"; };
		AD67621A0D27D42D3AA9A122 /* Pods-GameMatch.debug.xcconfig */ = {isa = PBXFileReference; includeInIndex = 1; lastKnownFileType = text.xcconfig; name = "Pods-GameMatch.debug.xcconfig"; path = "Target Support Files/Pods-GameMatch/Pods-GameMatch.debug.xcconfig"; sourceTree = "<group>"; };
/* End PBXFileReference section */

/* Begin PBXFrameworksBuildPhase section */
		A3893F4B26C4D84B0004C766 /* Frameworks */ = {
			isa = PBXFrameworksBuildPhase;
			buildActionMask = 2147483647;
			files = (
				480506069FC21677AE2CB80F /* Pods_GameMatch.framework in Frameworks */,
			);
			runOnlyForDeploymentPostprocessing = 0;
		};
		A3893F6126C4D84C0004C766 /* Frameworks */ = {
			isa = PBXFrameworksBuildPhase;
			buildActionMask = 2147483647;
			files = (
			);
			runOnlyForDeploymentPostprocessing = 0;
		};
		A3893F6C26C4D84C0004C766 /* Frameworks */ = {
			isa = PBXFrameworksBuildPhase;
			buildActionMask = 2147483647;
			files = (
			);
			runOnlyForDeploymentPostprocessing = 0;
		};
/* End PBXFrameworksBuildPhase section */

/* Begin PBXGroup section */
		A30D499F2705773900D34702 /* DataManager */ = {
			isa = PBXGroup;
			children = (
				A30D49A02705776700D34702 /* SessionManager.swift */,
			);
			path = DataManager;
			sourceTree = "<group>";
		};
		A30D49A2270769BD00D34702 /* Storyboards */ = {
			isa = PBXGroup;
			children = (
				A3893F5C26C4D84C0004C766 /* LaunchScreen.storyboard */,
				A3893F5726C4D84B0004C766 /* Main.storyboard */,
			);
			path = Storyboards;
			sourceTree = "<group>";
		};
		A30D49A327078E6900D34702 /* AppDelegates */ = {
			isa = PBXGroup;
			children = (
				A3893F5126C4D84B0004C766 /* AppDelegate.swift */,
				A3893F5326C4D84B0004C766 /* SceneDelegate.swift */,
			);
			path = AppDelegates;
			sourceTree = "<group>";
		};
		A3385B1626FFD3A6004799E8 /* DataServices */ = {
			isa = PBXGroup;
			children = (
				A3385B1B26FFD54F004799E8 /* API */,
				A3385B1726FFD3E9004799E8 /* DataService.swift */,
				A3385B1926FFD458004799E8 /* NetworkService.swift */,
			);
			path = DataServices;
			sourceTree = "<group>";
		};
		A3385B1B26FFD54F004799E8 /* API */ = {
			isa = PBXGroup;
			children = (
				A3B6B492270925E100309925 /* ActivityAPIService.swift */,
				A3385B2026FFDA16004799E8 /* APIRequests.swift */,
				A3385B2F27001F27004799E8 /* AuthenticationAPIService.swift */,
				A3385B26270008C0004799E8 /* BaseAPIService.swift */,
			);
			path = API;
			sourceTree = "<group>";
		};
		A3385B1C26FFD74F004799E8 /* Models */ = {
			isa = PBXGroup;
			children = (
				A3B6B4962709318800309925 /* Activity.swift */,
				A3385B1E26FFD7FC004799E8 /* LoginState.swift */,
				A3385B2426FFDDC5004799E8 /* SignUpState.swift */,
			);
			path = Models;
			sourceTree = "<group>";
		};
		A3385B1D26FFD75E004799E8 /* ViewModels */ = {
			isa = PBXGroup;
			children = (
				A3B6B4942709301C00309925 /* ExploreViewModel.swift */,
				A3385B2D2700166A004799E8 /* SignInViewModel.swift */,
			);
			path = ViewModels;
			sourceTree = "<group>";
		};
		A3385B2827000CC2004799E8 /* Login */ = {
			isa = PBXGroup;
			children = (
				A3C6F61F26D3803D00C01549 /* LoginViewController.swift */,
				A3385B2B27000EE0004799E8 /* RegisterViewController.swift */,
				A3385B2927000D32004799E8 /* SignInViewController.swift */,
			);
			path = Login;
			sourceTree = "<group>";
		};
		A3893F4526C4D84B0004C766 = {
			isa = PBXGroup;
			children = (
				A3893F5026C4D84B0004C766 /* GameMatch */,
				A3893F6726C4D84C0004C766 /* GameMatchTests */,
				A3893F7226C4D84C0004C766 /* GameMatchUITests */,
				A3893F4F26C4D84B0004C766 /* Products */,
				F4C28124B774A28A595E0351 /* Pods */,
				E5191AE57602C8DB7C6C9F2D /* Frameworks */,
			);
			sourceTree = "<group>";
		};
		A3893F4F26C4D84B0004C766 /* Products */ = {
			isa = PBXGroup;
			children = (
				A3893F4E26C4D84B0004C766 /* GameMatch.app */,
				A3893F6426C4D84C0004C766 /* GameMatchTests.xctest */,
				A3893F6F26C4D84C0004C766 /* GameMatchUITests.xctest */,
			);
			name = Products;
			sourceTree = "<group>";
		};
		A3893F5026C4D84B0004C766 /* GameMatch */ = {
			isa = PBXGroup;
			children = (
				A30D49A427078EDB00D34702 /* GameMatch.entitlements */,
				A30D49A527078F0A00D34702 /* GameMatchRelease.entitlements */,
				A3893F5F26C4D84C0004C766 /* Info.plist */,
				A30D49A327078E6900D34702 /* AppDelegates */,
				A30D499F2705773900D34702 /* DataManager */,
				A3385B1626FFD3A6004799E8 /* DataServices */,
				A3D3B3C12700CB2F00E1D8A0 /* ErrorHandling */,
				A3893F9526CCCB980004C766 /* Extensions */,
				A3385B1C26FFD74F004799E8 /* Models */,
				A3B6B4992709408000309925 /* Resources */,
				A30D49A2270769BD00D34702 /* Storyboards */,
				A3893F8526C4DEF00004C766 /* ViewControllers */,
				A3385B1D26FFD75E004799E8 /* ViewModels */,
				A3C6F61C26D34A8800C01549 /* Views */,
			);
			path = GameMatch;
			sourceTree = "<group>";
		};
		A3893F6726C4D84C0004C766 /* GameMatchTests */ = {
			isa = PBXGroup;
			children = (
				A3893F6826C4D84C0004C766 /* GameMatchTests.swift */,
				A3893F6A26C4D84C0004C766 /* Info.plist */,
			);
			path = GameMatchTests;
			sourceTree = "<group>";
		};
		A3893F7226C4D84C0004C766 /* GameMatchUITests */ = {
			isa = PBXGroup;
			children = (
				A3893F7326C4D84C0004C766 /* GameMatchUITests.swift */,
				A3893F7526C4D84C0004C766 /* Info.plist */,
			);
			path = GameMatchUITests;
			sourceTree = "<group>";
		};
		A3893F8526C4DEF00004C766 /* ViewControllers */ = {
			isa = PBXGroup;
			children = (
				A3893F8126C4DEBA0004C766 /* ActivitiesViewController.swift */,
				A3385B31270022E6004799E8 /* BaseViewController.swift */,
				A3893F9326CCAD0B0004C766 /* ContactsViewController.swift */,
				A3893F8A26C63C310004C766 /* CreateActivityViewController.swift */,
				A3893F5526C4D84B0004C766 /* ExploreViewController.swift */,
				A3893F9126CC8DE10004C766 /* MainTabBarController.swift */,
				A3CD34F226DC5E500049C6AE /* NewEventViewController.swift */,
				A3893F8326C4DED80004C766 /* ProfileViewController.swift */,
				A3CD34E926D88C950049C6AE /* SendMessageViewController.swift */,
				A3893F8C26C64E5A0004C766 /* Activity Details */,
				A39C062626DD976800CE8DCA /* Events */,
				A3CD34ED26DB1E2C0049C6AE /* Group Details */,
				A3385B2827000CC2004799E8 /* Login */,
				A39C062326DD82F700CE8DCA /* Members */,
			);
			path = ViewControllers;
			sourceTree = "<group>";
		};
		A3893F8C26C64E5A0004C766 /* Activity Details */ = {
			isa = PBXGroup;
			children = (
				A3893F8826C633D50004C766 /* ActivityDetailsViewController.swift */,
				A3893F8D26C64EA60004C766 /* ActivityInfoTableViewCell.swift */,
				A3893F8F26C7A5340004C766 /* MessageTableViewCell.swift */,
			);
			path = "Activity Details";
			sourceTree = "<group>";
		};
		A3893F9526CCCB980004C766 /* Extensions */ = {
			isa = PBXGroup;
			children = (
				A3B6B49A270960BD00309925 /* Date+.swift */,
				A39C061D26DC6BB900CE8DCA /* MKMapView+.swift */,
				A3CD34E726D76A990049C6AE /* UIImage+.swift */,
				A3893F9626CCCBC10004C766 /* UIImageView+.swift */,
			);
			path = Extensions;
			sourceTree = "<group>";
		};
		A39C062326DD82F700CE8DCA /* Members */ = {
			isa = PBXGroup;
			children = (
				A39C062126DCB25B00CE8DCA /* MembersViewController.swift */,
				A39C062426DD837000CE8DCA /* MemberTableViewCell.swift */,
			);
			path = Members;
			sourceTree = "<group>";
		};
		A39C062626DD976800CE8DCA /* Events */ = {
			isa = PBXGroup;
			children = (
				A39C062726DD978E00CE8DCA /* EventsViewController.swift */,
			);
			path = Events;
			sourceTree = "<group>";
		};
		A3B6B4992709408000309925 /* Resources */ = {
			isa = PBXGroup;
			children = (
				A3E28A1826E3CF8000923B29 /* Assets.xcassets */,
			);
			path = Resources;
			sourceTree = "<group>";
		};
		A3C6F61C26D34A8800C01549 /* Views */ = {
			isa = PBXGroup;
			children = (
				A3893F8626C604DB0004C766 /* ActivityTableViewCell.swift */,
				A39C061F26DC986200CE8DCA /* GMPointAnnotation.swift */,
				A3C6F61D26D34AD600C01549 /* GMTabBar.swift */,
			);
			path = Views;
			sourceTree = "<group>";
		};
		A3CD34ED26DB1E2C0049C6AE /* Group Details */ = {
			isa = PBXGroup;
			children = (
				A3CD34F026DB46C50049C6AE /* EventTableViewCell.swift */,
				A3CD34EB26DAB1C20049C6AE /* GroupDetailsViewController.swift */,
				A3CD34EE26DB1E7B0049C6AE /* GroupInfoTableViewCell.swift */,
			);
			path = "Group Details";
			sourceTree = "<group>";
		};
		A3D3B3C12700CB2F00E1D8A0 /* ErrorHandling */ = {
			isa = PBXGroup;
			children = (
				A3D3B3C22700CB5400E1D8A0 /* GMError.swift */,
			);
			path = ErrorHandling;
			sourceTree = "<group>";
		};
		E5191AE57602C8DB7C6C9F2D /* Frameworks */ = {
			isa = PBXGroup;
			children = (
				3D1B527AB8B6AF812AFE57F2 /* Pods_GameMatch.framework */,
			);
			name = Frameworks;
			sourceTree = "<group>";
		};
		F4C28124B774A28A595E0351 /* Pods */ = {
			isa = PBXGroup;
			children = (
				AD67621A0D27D42D3AA9A122 /* Pods-GameMatch.debug.xcconfig */,
				9B74BD069D913280A93D4EF8 /* Pods-GameMatch.release.xcconfig */,
			);
			path = Pods;
			sourceTree = "<group>";
		};
/* End PBXGroup section */

/* Begin PBXNativeTarget section */
		A3893F4D26C4D84B0004C766 /* GameMatch */ = {
			isa = PBXNativeTarget;
			buildConfigurationList = A3893F7826C4D84C0004C766 /* Build configuration list for PBXNativeTarget "GameMatch" */;
			buildPhases = (
				D2A987DD5F2A781F2095C5E7 /* [CP] Check Pods Manifest.lock */,
				A3893F4A26C4D84B0004C766 /* Sources */,
				A3893F4B26C4D84B0004C766 /* Frameworks */,
				A3893F4C26C4D84B0004C766 /* Resources */,
				DC70C3EEE79F04884FD9EDC4 /* [CP] Embed Pods Frameworks */,
			);
			buildRules = (
			);
			dependencies = (
			);
			name = GameMatch;
			productName = "Game Match";
			productReference = A3893F4E26C4D84B0004C766 /* GameMatch.app */;
			productType = "com.apple.product-type.application";
		};
		A3893F6326C4D84C0004C766 /* GameMatchTests */ = {
			isa = PBXNativeTarget;
			buildConfigurationList = A3893F7B26C4D84C0004C766 /* Build configuration list for PBXNativeTarget "GameMatchTests" */;
			buildPhases = (
				A3893F6026C4D84C0004C766 /* Sources */,
				A3893F6126C4D84C0004C766 /* Frameworks */,
				A3893F6226C4D84C0004C766 /* Resources */,
			);
			buildRules = (
			);
			dependencies = (
				A3893F6626C4D84C0004C766 /* PBXTargetDependency */,
			);
			name = GameMatchTests;
			productName = "Game MatchTests";
			productReference = A3893F6426C4D84C0004C766 /* GameMatchTests.xctest */;
			productType = "com.apple.product-type.bundle.unit-test";
		};
		A3893F6E26C4D84C0004C766 /* GameMatchUITests */ = {
			isa = PBXNativeTarget;
			buildConfigurationList = A3893F7E26C4D84C0004C766 /* Build configuration list for PBXNativeTarget "GameMatchUITests" */;
			buildPhases = (
				A3893F6B26C4D84C0004C766 /* Sources */,
				A3893F6C26C4D84C0004C766 /* Frameworks */,
				A3893F6D26C4D84C0004C766 /* Resources */,
			);
			buildRules = (
			);
			dependencies = (
				A3893F7126C4D84C0004C766 /* PBXTargetDependency */,
			);
			name = GameMatchUITests;
			productName = "Game MatchUITests";
			productReference = A3893F6F26C4D84C0004C766 /* GameMatchUITests.xctest */;
			productType = "com.apple.product-type.bundle.ui-testing";
		};
/* End PBXNativeTarget section */

/* Begin PBXProject section */
		A3893F4626C4D84B0004C766 /* Project object */ = {
			isa = PBXProject;
			attributes = {
				LastSwiftUpdateCheck = 1250;
				LastUpgradeCheck = 1250;
				TargetAttributes = {
					A3893F4D26C4D84B0004C766 = {
						CreatedOnToolsVersion = 12.5.1;
					};
					A3893F6326C4D84C0004C766 = {
						CreatedOnToolsVersion = 12.5.1;
						TestTargetID = A3893F4D26C4D84B0004C766;
					};
					A3893F6E26C4D84C0004C766 = {
						CreatedOnToolsVersion = 12.5.1;
						TestTargetID = A3893F4D26C4D84B0004C766;
					};
				};
			};
			buildConfigurationList = A3893F4926C4D84B0004C766 /* Build configuration list for PBXProject "GameMatch" */;
			compatibilityVersion = "Xcode 9.3";
			developmentRegion = en;
			hasScannedForEncodings = 0;
			knownRegions = (
				en,
				Base,
			);
			mainGroup = A3893F4526C4D84B0004C766;
			productRefGroup = A3893F4F26C4D84B0004C766 /* Products */;
			projectDirPath = "";
			projectRoot = "";
			targets = (
				A3893F4D26C4D84B0004C766 /* GameMatch */,
				A3893F6326C4D84C0004C766 /* GameMatchTests */,
				A3893F6E26C4D84C0004C766 /* GameMatchUITests */,
			);
		};
/* End PBXProject section */

/* Begin PBXResourcesBuildPhase section */
		A3893F4C26C4D84B0004C766 /* Resources */ = {
			isa = PBXResourcesBuildPhase;
			buildActionMask = 2147483647;
			files = (
				A3893F5E26C4D84C0004C766 /* LaunchScreen.storyboard in Resources */,
				A3E28A1926E3CF8100923B29 /* Assets.xcassets in Resources */,
				A3893F5926C4D84B0004C766 /* Main.storyboard in Resources */,
			);
			runOnlyForDeploymentPostprocessing = 0;
		};
		A3893F6226C4D84C0004C766 /* Resources */ = {
			isa = PBXResourcesBuildPhase;
			buildActionMask = 2147483647;
			files = (
			);
			runOnlyForDeploymentPostprocessing = 0;
		};
		A3893F6D26C4D84C0004C766 /* Resources */ = {
			isa = PBXResourcesBuildPhase;
			buildActionMask = 2147483647;
			files = (
			);
			runOnlyForDeploymentPostprocessing = 0;
		};
/* End PBXResourcesBuildPhase section */

/* Begin PBXShellScriptBuildPhase section */
		D2A987DD5F2A781F2095C5E7 /* [CP] Check Pods Manifest.lock */ = {
			isa = PBXShellScriptBuildPhase;
			buildActionMask = 2147483647;
			files = (
			);
			inputFileListPaths = (
			);
			inputPaths = (
				"${PODS_PODFILE_DIR_PATH}/Podfile.lock",
				"${PODS_ROOT}/Manifest.lock",
			);
			name = "[CP] Check Pods Manifest.lock";
			outputFileListPaths = (
			);
			outputPaths = (
				"$(DERIVED_FILE_DIR)/Pods-GameMatch-checkManifestLockResult.txt",
			);
			runOnlyForDeploymentPostprocessing = 0;
			shellPath = /bin/sh;
			shellScript = "diff \"${PODS_PODFILE_DIR_PATH}/Podfile.lock\" \"${PODS_ROOT}/Manifest.lock\" > /dev/null\nif [ $? != 0 ] ; then\n    # print error to STDERR\n    echo \"error: The sandbox is not in sync with the Podfile.lock. Run 'pod install' or update your CocoaPods installation.\" >&2\n    exit 1\nfi\n# This output is used by Xcode 'outputs' to avoid re-running this script phase.\necho \"SUCCESS\" > \"${SCRIPT_OUTPUT_FILE_0}\"\n";
			showEnvVarsInLog = 0;
		};
		DC70C3EEE79F04884FD9EDC4 /* [CP] Embed Pods Frameworks */ = {
			isa = PBXShellScriptBuildPhase;
			buildActionMask = 2147483647;
			files = (
			);
			inputFileListPaths = (
				"${PODS_ROOT}/Target Support Files/Pods-GameMatch/Pods-GameMatch-frameworks-${CONFIGURATION}-input-files.xcfilelist",
			);
			name = "[CP] Embed Pods Frameworks";
			outputFileListPaths = (
				"${PODS_ROOT}/Target Support Files/Pods-GameMatch/Pods-GameMatch-frameworks-${CONFIGURATION}-output-files.xcfilelist",
			);
			runOnlyForDeploymentPostprocessing = 0;
			shellPath = /bin/sh;
			shellScript = "\"${PODS_ROOT}/Target Support Files/Pods-GameMatch/Pods-GameMatch-frameworks.sh\"\n";
			showEnvVarsInLog = 0;
		};
/* End PBXShellScriptBuildPhase section */

/* Begin PBXSourcesBuildPhase section */
		A3893F4A26C4D84B0004C766 /* Sources */ = {
			isa = PBXSourcesBuildPhase;
			buildActionMask = 2147483647;
			files = (
				A3893F9726CCCBC10004C766 /* UIImageView+.swift in Sources */,
				A3893F5626C4D84B0004C766 /* ExploreViewController.swift in Sources */,
				A3CD34F326DC5E500049C6AE /* NewEventViewController.swift in Sources */,
				A3C6F61E26D34AD600C01549 /* GMTabBar.swift in Sources */,
				A3CD34E826D76A990049C6AE /* UIImage+.swift in Sources */,
				A3C6F62026D3803D00C01549 /* LoginViewController.swift in Sources */,
				A3893F8B26C63C310004C766 /* CreateActivityViewController.swift in Sources */,
				A39C062826DD978E00CE8DCA /* EventsViewController.swift in Sources */,
				A3893F9226CC8DE10004C766 /* MainTabBarController.swift in Sources */,
				A3CD34EC26DAB1C20049C6AE /* GroupDetailsViewController.swift in Sources */,
				A3893F8226C4DEBA0004C766 /* ActivitiesViewController.swift in Sources */,
				A3B6B49B270960BD00309925 /* Date+.swift in Sources */,
				A3385B32270022E6004799E8 /* BaseViewController.swift in Sources */,
				A39C062026DC986200CE8DCA /* GMPointAnnotation.swift in Sources */,
				A39C062226DCB25B00CE8DCA /* MembersViewController.swift in Sources */,
				A3D3B3C32700CB5400E1D8A0 /* GMError.swift in Sources */,
				A3893F9026C7A5340004C766 /* MessageTableViewCell.swift in Sources */,
				A3385B1826FFD3E9004799E8 /* DataService.swift in Sources */,
				A3385B2C27000EE0004799E8 /* RegisterViewController.swift in Sources */,
				A3893F9426CCAD0B0004C766 /* ContactsViewController.swift in Sources */,
				A3893F8E26C64EA60004C766 /* ActivityInfoTableViewCell.swift in Sources */,
				A3893F8726C604DB0004C766 /* ActivityTableViewCell.swift in Sources */,
				A3893F5226C4D84B0004C766 /* AppDelegate.swift in Sources */,
				A3893F8926C633D50004C766 /* ActivityDetailsViewController.swift in Sources */,
				A3385B2E2700166A004799E8 /* SignInViewModel.swift in Sources */,
				A39C062526DD837000CE8DCA /* MemberTableViewCell.swift in Sources */,
				A3B6B4952709301C00309925 /* ExploreViewModel.swift in Sources */,
				A3385B2A27000D32004799E8 /* SignInViewController.swift in Sources */,
				A3385B27270008C0004799E8 /* BaseAPIService.swift in Sources */,
				A3893F8426C4DED80004C766 /* ProfileViewController.swift in Sources */,
				A3385B2526FFDDC5004799E8 /* SignUpState.swift in Sources */,
				A3B6B4972709318800309925 /* Activity.swift in Sources */,
				A3CD34EA26D88C950049C6AE /* SendMessageViewController.swift in Sources */,
				A3CD34F126DB46C50049C6AE /* EventTableViewCell.swift in Sources */,
				A3893F5426C4D84B0004C766 /* SceneDelegate.swift in Sources */,
				A3385B1A26FFD458004799E8 /* NetworkService.swift in Sources */,
				A39C061E26DC6BB900CE8DCA /* MKMapView+.swift in Sources */,
				A3385B1F26FFD7FC004799E8 /* LoginState.swift in Sources */,
				A3B6B493270925E100309925 /* ActivityAPIService.swift in Sources */,
				A3385B2126FFDA16004799E8 /* APIRequests.swift in Sources */,
				A3CD34EF26DB1E7B0049C6AE /* GroupInfoTableViewCell.swift in Sources */,
				A3385B3027001F27004799E8 /* AuthenticationAPIService.swift in Sources */,
				A30D49A12705776700D34702 /* SessionManager.swift in Sources */,
			);
			runOnlyForDeploymentPostprocessing = 0;
		};
		A3893F6026C4D84C0004C766 /* Sources */ = {
			isa = PBXSourcesBuildPhase;
			buildActionMask = 2147483647;
			files = (
				A3893F6926C4D84C0004C766 /* GameMatchTests.swift in Sources */,
			);
			runOnlyForDeploymentPostprocessing = 0;
		};
		A3893F6B26C4D84C0004C766 /* Sources */ = {
			isa = PBXSourcesBuildPhase;
			buildActionMask = 2147483647;
			files = (
				A3893F7426C4D84C0004C766 /* GameMatchUITests.swift in Sources */,
			);
			runOnlyForDeploymentPostprocessing = 0;
		};
/* End PBXSourcesBuildPhase section */

/* Begin PBXTargetDependency section */
		A3893F6626C4D84C0004C766 /* PBXTargetDependency */ = {
			isa = PBXTargetDependency;
			target = A3893F4D26C4D84B0004C766 /* GameMatch */;
			targetProxy = A3893F6526C4D84C0004C766 /* PBXContainerItemProxy */;
		};
		A3893F7126C4D84C0004C766 /* PBXTargetDependency */ = {
			isa = PBXTargetDependency;
			target = A3893F4D26C4D84B0004C766 /* GameMatch */;
			targetProxy = A3893F7026C4D84C0004C766 /* PBXContainerItemProxy */;
		};
/* End PBXTargetDependency section */

/* Begin PBXVariantGroup section */
		A3893F5726C4D84B0004C766 /* Main.storyboard */ = {
			isa = PBXVariantGroup;
			children = (
				A3893F5826C4D84B0004C766 /* Base */,
			);
			name = Main.storyboard;
			sourceTree = "<group>";
		};
		A3893F5C26C4D84C0004C766 /* LaunchScreen.storyboard */ = {
			isa = PBXVariantGroup;
			children = (
				A3893F5D26C4D84C0004C766 /* Base */,
			);
			name = LaunchScreen.storyboard;
			sourceTree = "<group>";
		};
/* End PBXVariantGroup section */

/* Begin XCBuildConfiguration section */
		A3893F7626C4D84C0004C766 /* Debug */ = {
			isa = XCBuildConfiguration;
			buildSettings = {
				ALWAYS_SEARCH_USER_PATHS = NO;
				CLANG_ANALYZER_NONNULL = YES;
				CLANG_ANALYZER_NUMBER_OBJECT_CONVERSION = YES_AGGRESSIVE;
				CLANG_CXX_LANGUAGE_STANDARD = "gnu++14";
				CLANG_CXX_LIBRARY = "libc++";
				CLANG_ENABLE_MODULES = YES;
				CLANG_ENABLE_OBJC_ARC = YES;
				CLANG_ENABLE_OBJC_WEAK = YES;
				CLANG_WARN_BLOCK_CAPTURE_AUTORELEASING = YES;
				CLANG_WARN_BOOL_CONVERSION = YES;
				CLANG_WARN_COMMA = YES;
				CLANG_WARN_CONSTANT_CONVERSION = YES;
				CLANG_WARN_DEPRECATED_OBJC_IMPLEMENTATIONS = YES;
				CLANG_WARN_DIRECT_OBJC_ISA_USAGE = YES_ERROR;
				CLANG_WARN_DOCUMENTATION_COMMENTS = YES;
				CLANG_WARN_EMPTY_BODY = YES;
				CLANG_WARN_ENUM_CONVERSION = YES;
				CLANG_WARN_INFINITE_RECURSION = YES;
				CLANG_WARN_INT_CONVERSION = YES;
				CLANG_WARN_NON_LITERAL_NULL_CONVERSION = YES;
				CLANG_WARN_OBJC_IMPLICIT_RETAIN_SELF = YES;
				CLANG_WARN_OBJC_LITERAL_CONVERSION = YES;
				CLANG_WARN_OBJC_ROOT_CLASS = YES_ERROR;
				CLANG_WARN_QUOTED_INCLUDE_IN_FRAMEWORK_HEADER = YES;
				CLANG_WARN_RANGE_LOOP_ANALYSIS = YES;
				CLANG_WARN_STRICT_PROTOTYPES = YES;
				CLANG_WARN_SUSPICIOUS_MOVE = YES;
				CLANG_WARN_UNGUARDED_AVAILABILITY = YES_AGGRESSIVE;
				CLANG_WARN_UNREACHABLE_CODE = YES;
				CLANG_WARN__DUPLICATE_METHOD_MATCH = YES;
				COPY_PHASE_STRIP = NO;
				DEBUG_INFORMATION_FORMAT = dwarf;
				ENABLE_STRICT_OBJC_MSGSEND = YES;
				ENABLE_TESTABILITY = YES;
				GCC_C_LANGUAGE_STANDARD = gnu11;
				GCC_DYNAMIC_NO_PIC = NO;
				GCC_NO_COMMON_BLOCKS = YES;
				GCC_OPTIMIZATION_LEVEL = 0;
				GCC_PREPROCESSOR_DEFINITIONS = (
					"DEBUG=1",
					"$(inherited)",
				);
				GCC_WARN_64_TO_32_BIT_CONVERSION = YES;
				GCC_WARN_ABOUT_RETURN_TYPE = YES_ERROR;
				GCC_WARN_UNDECLARED_SELECTOR = YES;
				GCC_WARN_UNINITIALIZED_AUTOS = YES_AGGRESSIVE;
				GCC_WARN_UNUSED_FUNCTION = YES;
				GCC_WARN_UNUSED_VARIABLE = YES;
				IPHONEOS_DEPLOYMENT_TARGET = 13.4;
				MTL_ENABLE_DEBUG_INFO = INCLUDE_SOURCE;
				MTL_FAST_MATH = YES;
				ONLY_ACTIVE_ARCH = YES;
				SDKROOT = iphoneos;
				SWIFT_ACTIVE_COMPILATION_CONDITIONS = DEBUG;
				SWIFT_OPTIMIZATION_LEVEL = "-Onone";
			};
			name = Debug;
		};
		A3893F7726C4D84C0004C766 /* Release */ = {
			isa = XCBuildConfiguration;
			buildSettings = {
				ALWAYS_SEARCH_USER_PATHS = NO;
				CLANG_ANALYZER_NONNULL = YES;
				CLANG_ANALYZER_NUMBER_OBJECT_CONVERSION = YES_AGGRESSIVE;
				CLANG_CXX_LANGUAGE_STANDARD = "gnu++14";
				CLANG_CXX_LIBRARY = "libc++";
				CLANG_ENABLE_MODULES = YES;
				CLANG_ENABLE_OBJC_ARC = YES;
				CLANG_ENABLE_OBJC_WEAK = YES;
				CLANG_WARN_BLOCK_CAPTURE_AUTORELEASING = YES;
				CLANG_WARN_BOOL_CONVERSION = YES;
				CLANG_WARN_COMMA = YES;
				CLANG_WARN_CONSTANT_CONVERSION = YES;
				CLANG_WARN_DEPRECATED_OBJC_IMPLEMENTATIONS = YES;
				CLANG_WARN_DIRECT_OBJC_ISA_USAGE = YES_ERROR;
				CLANG_WARN_DOCUMENTATION_COMMENTS = YES;
				CLANG_WARN_EMPTY_BODY = YES;
				CLANG_WARN_ENUM_CONVERSION = YES;
				CLANG_WARN_INFINITE_RECURSION = YES;
				CLANG_WARN_INT_CONVERSION = YES;
				CLANG_WARN_NON_LITERAL_NULL_CONVERSION = YES;
				CLANG_WARN_OBJC_IMPLICIT_RETAIN_SELF = YES;
				CLANG_WARN_OBJC_LITERAL_CONVERSION = YES;
				CLANG_WARN_OBJC_ROOT_CLASS = YES_ERROR;
				CLANG_WARN_QUOTED_INCLUDE_IN_FRAMEWORK_HEADER = YES;
				CLANG_WARN_RANGE_LOOP_ANALYSIS = YES;
				CLANG_WARN_STRICT_PROTOTYPES = YES;
				CLANG_WARN_SUSPICIOUS_MOVE = YES;
				CLANG_WARN_UNGUARDED_AVAILABILITY = YES_AGGRESSIVE;
				CLANG_WARN_UNREACHABLE_CODE = YES;
				CLANG_WARN__DUPLICATE_METHOD_MATCH = YES;
				COPY_PHASE_STRIP = NO;
				DEBUG_INFORMATION_FORMAT = "dwarf-with-dsym";
				ENABLE_NS_ASSERTIONS = NO;
				ENABLE_STRICT_OBJC_MSGSEND = YES;
				GCC_C_LANGUAGE_STANDARD = gnu11;
				GCC_NO_COMMON_BLOCKS = YES;
				GCC_WARN_64_TO_32_BIT_CONVERSION = YES;
				GCC_WARN_ABOUT_RETURN_TYPE = YES_ERROR;
				GCC_WARN_UNDECLARED_SELECTOR = YES;
				GCC_WARN_UNINITIALIZED_AUTOS = YES_AGGRESSIVE;
				GCC_WARN_UNUSED_FUNCTION = YES;
				GCC_WARN_UNUSED_VARIABLE = YES;
				IPHONEOS_DEPLOYMENT_TARGET = 13.4;
				MTL_ENABLE_DEBUG_INFO = NO;
				MTL_FAST_MATH = YES;
				SDKROOT = iphoneos;
				SWIFT_COMPILATION_MODE = wholemodule;
				SWIFT_OPTIMIZATION_LEVEL = "-O";
				VALIDATE_PRODUCT = YES;
			};
			name = Release;
		};
		A3893F7926C4D84C0004C766 /* Debug */ = {
			isa = XCBuildConfiguration;
			baseConfigurationReference = AD67621A0D27D42D3AA9A122 /* Pods-GameMatch.debug.xcconfig */;
			buildSettings = {
				ASSETCATALOG_COMPILER_APPICON_NAME = AppIcon;
				ASSETCATALOG_COMPILER_GLOBAL_ACCENT_COLOR_NAME = AccentColor;
				CODE_SIGN_ENTITLEMENTS = GameMatch/GameMatch.entitlements;
				CODE_SIGN_STYLE = Automatic;
				DEVELOPMENT_TEAM = 2F48UN9H99;
				INFOPLIST_FILE = GameMatch/Info.plist;
				LD_RUNPATH_SEARCH_PATHS = (
					"$(inherited)",
					"@executable_path/Frameworks",
				);
				PRODUCT_BUNDLE_IDENTIFIER = net.gamematch.ios;
				PRODUCT_NAME = "$(TARGET_NAME)";
				SWIFT_VERSION = 5.0;
				TARGETED_DEVICE_FAMILY = "1,2";
			};
			name = Debug;
		};
		A3893F7A26C4D84C0004C766 /* Release */ = {
			isa = XCBuildConfiguration;
			baseConfigurationReference = 9B74BD069D913280A93D4EF8 /* Pods-GameMatch.release.xcconfig */;
			buildSettings = {
				ASSETCATALOG_COMPILER_APPICON_NAME = AppIcon;
				ASSETCATALOG_COMPILER_GLOBAL_ACCENT_COLOR_NAME = AccentColor;
				CODE_SIGN_ENTITLEMENTS = GameMatch/GameMatchRelease.entitlements;
				CODE_SIGN_STYLE = Automatic;
				DEVELOPMENT_TEAM = 2F48UN9H99;
				INFOPLIST_FILE = GameMatch/Info.plist;
				LD_RUNPATH_SEARCH_PATHS = (
					"$(inherited)",
					"@executable_path/Frameworks",
				);
				PRODUCT_BUNDLE_IDENTIFIER = net.gamematch.ios;
				PRODUCT_NAME = "$(TARGET_NAME)";
				SWIFT_VERSION = 5.0;
				TARGETED_DEVICE_FAMILY = "1,2";
			};
			name = Release;
		};
		A3893F7C26C4D84C0004C766 /* Debug */ = {
			isa = XCBuildConfiguration;
			buildSettings = {
				ALWAYS_EMBED_SWIFT_STANDARD_LIBRARIES = YES;
				BUNDLE_LOADER = "$(TEST_HOST)";
				CODE_SIGN_STYLE = Automatic;
				INFOPLIST_FILE = GameMatchTests/Info.plist;
				IPHONEOS_DEPLOYMENT_TARGET = 14.5;
				LD_RUNPATH_SEARCH_PATHS = (
					"$(inherited)",
					"@executable_path/Frameworks",
					"@loader_path/Frameworks",
				);
				PRODUCT_BUNDLE_IDENTIFIER = "Winner.Game-MatchTests";
				PRODUCT_NAME = "$(TARGET_NAME)";
				SWIFT_VERSION = 5.0;
				TARGETED_DEVICE_FAMILY = "1,2";
				TEST_HOST = "$(BUILT_PRODUCTS_DIR)/GameMatch.app/GameMatch";
			};
			name = Debug;
		};
		A3893F7D26C4D84C0004C766 /* Release */ = {
			isa = XCBuildConfiguration;
			buildSettings = {
				ALWAYS_EMBED_SWIFT_STANDARD_LIBRARIES = YES;
				BUNDLE_LOADER = "$(TEST_HOST)";
				CODE_SIGN_STYLE = Automatic;
				INFOPLIST_FILE = GameMatchTests/Info.plist;
				IPHONEOS_DEPLOYMENT_TARGET = 14.5;
				LD_RUNPATH_SEARCH_PATHS = (
					"$(inherited)",
					"@executable_path/Frameworks",
					"@loader_path/Frameworks",
				);
				PRODUCT_BUNDLE_IDENTIFIER = "Winner.Game-MatchTests";
				PRODUCT_NAME = "$(TARGET_NAME)";
				SWIFT_VERSION = 5.0;
				TARGETED_DEVICE_FAMILY = "1,2";
				TEST_HOST = "$(BUILT_PRODUCTS_DIR)/GameMatch.app/GameMatch";
			};
			name = Release;
		};
		A3893F7F26C4D84C0004C766 /* Debug */ = {
			isa = XCBuildConfiguration;
			buildSettings = {
				ALWAYS_EMBED_SWIFT_STANDARD_LIBRARIES = YES;
				CODE_SIGN_STYLE = Automatic;
				INFOPLIST_FILE = GameMatchUITests/Info.plist;
				LD_RUNPATH_SEARCH_PATHS = (
					"$(inherited)",
					"@executable_path/Frameworks",
					"@loader_path/Frameworks",
				);
				PRODUCT_BUNDLE_IDENTIFIER = "Winner.Game-MatchUITests";
				PRODUCT_NAME = "$(TARGET_NAME)";
				SWIFT_VERSION = 5.0;
				TARGETED_DEVICE_FAMILY = "1,2";
				TEST_TARGET_NAME = GameMatch;
			};
			name = Debug;
		};
		A3893F8026C4D84C0004C766 /* Release */ = {
			isa = XCBuildConfiguration;
			buildSettings = {
				ALWAYS_EMBED_SWIFT_STANDARD_LIBRARIES = YES;
				CODE_SIGN_STYLE = Automatic;
				INFOPLIST_FILE = GameMatchUITests/Info.plist;
				LD_RUNPATH_SEARCH_PATHS = (
					"$(inherited)",
					"@executable_path/Frameworks",
					"@loader_path/Frameworks",
				);
				PRODUCT_BUNDLE_IDENTIFIER = "Winner.Game-MatchUITests";
				PRODUCT_NAME = "$(TARGET_NAME)";
				SWIFT_VERSION = 5.0;
				TARGETED_DEVICE_FAMILY = "1,2";
				TEST_TARGET_NAME = GameMatch;
			};
			name = Release;
		};
/* End XCBuildConfiguration section */

/* Begin XCConfigurationList section */
		A3893F4926C4D84B0004C766 /* Build configuration list for PBXProject "GameMatch" */ = {
			isa = XCConfigurationList;
			buildConfigurations = (
				A3893F7626C4D84C0004C766 /* Debug */,
				A3893F7726C4D84C0004C766 /* Release */,
			);
			defaultConfigurationIsVisible = 0;
			defaultConfigurationName = Release;
		};
		A3893F7826C4D84C0004C766 /* Build configuration list for PBXNativeTarget "GameMatch" */ = {
			isa = XCConfigurationList;
			buildConfigurations = (
				A3893F7926C4D84C0004C766 /* Debug */,
				A3893F7A26C4D84C0004C766 /* Release */,
			);
			defaultConfigurationIsVisible = 0;
			defaultConfigurationName = Release;
		};
		A3893F7B26C4D84C0004C766 /* Build configuration list for PBXNativeTarget "GameMatchTests" */ = {
			isa = XCConfigurationList;
			buildConfigurations = (
				A3893F7C26C4D84C0004C766 /* Debug */,
				A3893F7D26C4D84C0004C766 /* Release */,
			);
			defaultConfigurationIsVisible = 0;
			defaultConfigurationName = Release;
		};
		A3893F7E26C4D84C0004C766 /* Build configuration list for PBXNativeTarget "GameMatchUITests" */ = {
			isa = XCConfigurationList;
			buildConfigurations = (
				A3893F7F26C4D84C0004C766 /* Debug */,
				A3893F8026C4D84C0004C766 /* Release */,
			);
			defaultConfigurationIsVisible = 0;
			defaultConfigurationName = Release;
		};
/* End XCConfigurationList section */
	};
	rootObject = A3893F4626C4D84B0004C766 /* Project object */;
}
